
Microsoft Visual Studio Solution File, Format Version 12.00
# Visual Studio 14
VisualStudioVersion = 14.0.24720.0
MinimumVisualStudioVersion = 10.0.40219.1
Project("{2150E333-8FDC-42A3-9474-1A3956D46DE8}") = "src", "src", "{7E7D0B3B-EB69-4669-AC20-9A1CD8DF5CE1}"
EndProject
Project("{2150E333-8FDC-42A3-9474-1A3956D46DE8}") = "Solution Items", "Solution Items", "{55FB14BE-3DB3-45BF-BB42-92C0434B69A9}"
	ProjectSection(SolutionItems) = preProject
		global.json = global.json
	EndProjectSection
EndProject
Project("{8BB2217D-0F2D-49D1-97BC-3654ED321F3B}") = "WeixinPlatform", "src\WeixinPlatform\WeixinPlatform.xproj", "{1F81DF8D-81E4-474A-804F-B0057A22A8C9}"
EndProject
Project("{2150E333-8FDC-42A3-9474-1A3956D46DE8}") = "WeixinLib", "WeixinLib", "{E476D43C-B8E7-4C9B-BD7D-FB20D7787F06}"
EndProject
Project("{8BB2217D-0F2D-49D1-97BC-3654ED321F3B}") = "Weixin", "src\Weixin\Weixin.xproj", "{66F9D038-B11C-4807-994F-2AAD143924ED}"
EndProject
Project("{8BB2217D-0F2D-49D1-97BC-3654ED321F3B}") = "Weixin.MP", "src\Weixin.MP\Weixin.MP.xproj", "{D87DBFC3-CCF6-4C8D-BB57-D798FAC98947}"
EndProject
Project("{8BB2217D-0F2D-49D1-97BC-3654ED321F3B}") = "Weixin.Open", "src\Weixin.Open\Weixin.Open.xproj", "{D5059EF6-A829-4095-85A5-FED3B689CA20}"
EndProject
Project("{8BB2217D-0F2D-49D1-97BC-3654ED321F3B}") = "Weixin.QY", "src\Weixin.QY\Weixin.QY.xproj", "{94EB76FA-AC6D-4F0D-9F6F-F5634F9A74BA}"
EndProject
Global
	GlobalSection(SolutionConfigurationPlatforms) = preSolution
		Debug|Any CPU = Debug|Any CPU
		Release|Any CPU = Release|Any CPU
	EndGlobalSection
	GlobalSection(ProjectConfigurationPlatforms) = postSolution
		{1F81DF8D-81E4-474A-804F-B0057A22A8C9}.Debug|Any CPU.ActiveCfg = Debug|Any CPU
		{1F81DF8D-81E4-474A-804F-B0057A22A8C9}.Debug|Any CPU.Build.0 = Debug|Any CPU
		{1F81DF8D-81E4-474A-804F-B0057A22A8C9}.Release|Any CPU.ActiveCfg = Release|Any CPU
		{1F81DF8D-81E4-474A-804F-B0057A22A8C9}.Release|Any CPU.Build.0 = Release|Any CPU
		{66F9D038-B11C-4807-994F-2AAD143924ED}.Debug|Any CPU.ActiveCfg = Debug|Any CPU
		{66F9D038-B11C-4807-994F-2AAD143924ED}.Debug|Any CPU.Build.0 = Debug|Any CPU
		{66F9D038-B11C-4807-994F-2AAD143924ED}.Release|Any CPU.ActiveCfg = Release|Any CPU
		{66F9D038-B11C-4807-994F-2AAD143924ED}.Release|Any CPU.Build.0 = Release|Any CPU
		{D87DBFC3-CCF6-4C8D-BB57-D798FAC98947}.Debug|Any CPU.ActiveCfg = Debug|Any CPU
		{D87DBFC3-CCF6-4C8D-BB57-D798FAC98947}.Debug|Any CPU.Build.0 = Debug|Any CPU
		{D87DBFC3-CCF6-4C8D-BB57-D798FAC98947}.Release|Any CPU.ActiveCfg = Release|Any CPU
		{D87DBFC3-CCF6-4C8D-BB57-D798FAC98947}.Release|Any CPU.Build.0 = Release|Any CPU
		{D5059EF6-A829-4095-85A5-FED3B689CA20}.Debug|Any CPU.ActiveCfg = Debug|Any CPU
		{D5059EF6-A829-4095-85A5-FED3B689CA20}.Debug|Any CPU.Build.0 = Debug|Any CPU
		{D5059EF6-A829-4095-85A5-FED3B689CA20}.Release|Any CPU.ActiveCfg = Release|Any CPU
		{D5059EF6-A829-4095-85A5-FED3B689CA20}.Release|Any CPU.Build.0 = Release|Any CPU
		{94EB76FA-AC6D-4F0D-9F6F-F5634F9A74BA}.Debug|Any CPU.ActiveCfg = Debug|Any CPU
		{94EB76FA-AC6D-4F0D-9F6F-F5634F9A74BA}.Debug|Any CPU.Build.0 = Debug|Any CPU
		{94EB76FA-AC6D-4F0D-9F6F-F5634F9A74BA}.Release|Any CPU.ActiveCfg = Release|Any CPU
		{94EB76FA-AC6D-4F0D-9F6F-F5634F9A74BA}.Release|Any CPU.Build.0 = Release|Any CPU
	EndGlobalSection
	GlobalSection(SolutionProperties) = preSolution
		HideSolutionNode = FALSE
	EndGlobalSection
	GlobalSection(NestedProjects) = preSolution
		{1F81DF8D-81E4-474A-804F-B0057A22A8C9} = {7E7D0B3B-EB69-4669-AC20-9A1CD8DF5CE1}
		{E476D43C-B8E7-4C9B-BD7D-FB20D7787F06} = {7E7D0B3B-EB69-4669-AC20-9A1CD8DF5CE1}
		{66F9D038-B11C-4807-994F-2AAD143924ED} = {E476D43C-B8E7-4C9B-BD7D-FB20D7787F06}
		{D87DBFC3-CCF6-4C8D-BB57-D798FAC98947} = {E476D43C-B8E7-4C9B-BD7D-FB20D7787F06}
		{D5059EF6-A829-4095-85A5-FED3B689CA20} = {E476D43C-B8E7-4C9B-BD7D-FB20D7787F06}
		{94EB76FA-AC6D-4F0D-9F6F-F5634F9A74BA} = {E476D43C-B8E7-4C9B-BD7D-FB20D7787F06}
	EndGlobalSection
EndGlobal
